// !$*UTF8*$!
{
	archiveVersion = 1;
	classes = {
	};
	objectVersion = 55;
	objects = {

/* Begin PBXBuildFile section */
		5B1B953529F613A000EA3C40 /* StartedTemplatesModel.swift in Sources */ = {isa = PBXBuildFile; fileRef = 5B1B953429F613A000EA3C40 /* StartedTemplatesModel.swift */; };
		5B2AB9F829FF2FE400C9B9E2 /* ProgramTemplateModel.swift in Sources */ = {isa = PBXBuildFile; fileRef = 5B2AB9F729FF2FE400C9B9E2 /* ProgramTemplateModel.swift */; };
		5B34590029ECCC4700364936 /* HomeView.swift in Sources */ = {isa = PBXBuildFile; fileRef = 5B3458FF29ECCC4700364936 /* HomeView.swift */; };
		5B34590229ECCC6000364936 /* HistoryView.swift in Sources */ = {isa = PBXBuildFile; fileRef = 5B34590129ECCC6000364936 /* HistoryView.swift */; };
		5B34590429ECEE1A00364936 /* SignInView.swift in Sources */ = {isa = PBXBuildFile; fileRef = 5B34590329ECEE1A00364936 /* SignInView.swift */; };
		5B34590729ECEEE900364936 /* ApexTrainingModel.swift in Sources */ = {isa = PBXBuildFile; fileRef = 5B34590629ECEEE900364936 /* ApexTrainingModel.swift */; };
		5B34590929ECEF4900364936 /* LaunchView.swift in Sources */ = {isa = PBXBuildFile; fileRef = 5B34590829ECEF4900364936 /* LaunchView.swift */; };
		5B34590C29ECF53000364936 /* Constants.swift in Sources */ = {isa = PBXBuildFile; fileRef = 5B34590B29ECF53000364936 /* Constants.swift */; };
		5B34590E29EE27FF00364936 /* User.swift in Sources */ = {isa = PBXBuildFile; fileRef = 5B34590D29EE27FF00364936 /* User.swift */; };
		5B34591029EE28CA00364936 /* UserService.swift in Sources */ = {isa = PBXBuildFile; fileRef = 5B34590F29EE28CA00364936 /* UserService.swift */; };
		5B48E0CF29D9056300A29142 /* ApexTraining.swift in Sources */ = {isa = PBXBuildFile; fileRef = 5B48E0CE29D9056300A29142 /* ApexTraining.swift */; };
		5B48E0D329D9056400A29142 /* Assets.xcassets in Resources */ = {isa = PBXBuildFile; fileRef = 5B48E0D229D9056400A29142 /* Assets.xcassets */; };
		5B48E0D629D9056400A29142 /* Preview Assets.xcassets in Resources */ = {isa = PBXBuildFile; fileRef = 5B48E0D529D9056400A29142 /* Preview Assets.xcassets */; };
		5B9106DF29F75D2F000608A5 /* ProgramTemplate.swift in Sources */ = {isa = PBXBuildFile; fileRef = 5B9106DE29F75D2F000608A5 /* ProgramTemplate.swift */; };
		5B9106E129F77783000608A5 /* WorkoutTemplateModel.swift in Sources */ = {isa = PBXBuildFile; fileRef = 5B9106E029F77783000608A5 /* WorkoutTemplateModel.swift */; };
		5BA0D01429D9110400B10A43 /* GoogleService-Info.plist in Resources */ = {isa = PBXBuildFile; fileRef = 5BA0D01329D9110400B10A43 /* GoogleService-Info.plist */; };
		5BA715C82A009B48005F5306 /* ExerciseSetTemplateView.swift in Sources */ = {isa = PBXBuildFile; fileRef = 5BA715C72A009B48005F5306 /* ExerciseSetTemplateView.swift */; };
		5BB7164A29EF83BC00AE0C9B /* ProgramTemplateView.swift in Sources */ = {isa = PBXBuildFile; fileRef = 5BB7164929EF83BC00AE0C9B /* ProgramTemplateView.swift */; };
		5BCDEE7629F62B8D006F2343 /* WorkoutTemplate.swift in Sources */ = {isa = PBXBuildFile; fileRef = 5BCDEE7529F62B8D006F2343 /* WorkoutTemplate.swift */; };
		5BCDEE7929F62FC8006F2343 /* WorkoutTemplateView.swift in Sources */ = {isa = PBXBuildFile; fileRef = 5BCDEE7829F62FC8006F2343 /* WorkoutTemplateView.swift */; };
		5BED92B529FF510A0027FC53 /* ExerciseSetTemplate.swift in Sources */ = {isa = PBXBuildFile; fileRef = 5BED92B429FF510A0027FC53 /* ExerciseSetTemplate.swift */; };
		5BFDF9E12A09B9C2009B5939 /* ReadyTemplatesModel.swift in Sources */ = {isa = PBXBuildFile; fileRef = 5BFDF9E02A09B9C2009B5939 /* ReadyTemplatesModel.swift */; };
		CD3E01948632D62C4E6C0A41 /* Pods_ApexTraining.framework in Frameworks */ = {isa = PBXBuildFile; fileRef = 3799561094B3D4C7B17BE72D /* Pods_ApexTraining.framework */; };
/* End PBXBuildFile section */

/* Begin PBXFileReference section */
		3799561094B3D4C7B17BE72D /* Pods_ApexTraining.framework */ = {isa = PBXFileReference; explicitFileType = wrapper.framework; includeInIndex = 0; path = Pods_ApexTraining.framework; sourceTree = BUILT_PRODUCTS_DIR; };
		5B1B953429F613A000EA3C40 /* StartedTemplatesModel.swift */ = {isa = PBXFileReference; lastKnownFileType = sourcecode.swift; path = StartedTemplatesModel.swift; sourceTree = "<group>"; };
		5B2AB9F729FF2FE400C9B9E2 /* ProgramTemplateModel.swift */ = {isa = PBXFileReference; lastKnownFileType = sourcecode.swift; path = ProgramTemplateModel.swift; sourceTree = "<group>"; };
		5B3458FF29ECCC4700364936 /* HomeView.swift */ = {isa = PBXFileReference; lastKnownFileType = sourcecode.swift; path = HomeView.swift; sourceTree = "<group>"; };
		5B34590129ECCC6000364936 /* HistoryView.swift */ = {isa = PBXFileReference; lastKnownFileType = sourcecode.swift; path = HistoryView.swift; sourceTree = "<group>"; };
		5B34590329ECEE1A00364936 /* SignInView.swift */ = {isa = PBXFileReference; lastKnownFileType = sourcecode.swift; path = SignInView.swift; sourceTree = "<group>"; };
		5B34590629ECEEE900364936 /* ApexTrainingModel.swift */ = {isa = PBXFileReference; lastKnownFileType = sourcecode.swift; path = ApexTrainingModel.swift; sourceTree = "<group>"; };
		5B34590829ECEF4900364936 /* LaunchView.swift */ = {isa = PBXFileReference; lastKnownFileType = sourcecode.swift; path = LaunchView.swift; sourceTree = "<group>"; };
		5B34590B29ECF53000364936 /* Constants.swift */ = {isa = PBXFileReference; lastKnownFileType = sourcecode.swift; path = Constants.swift; sourceTree = "<group>"; };
		5B34590D29EE27FF00364936 /* User.swift */ = {isa = PBXFileReference; lastKnownFileType = sourcecode.swift; path = User.swift; sourceTree = "<group>"; };
		5B34590F29EE28CA00364936 /* UserService.swift */ = {isa = PBXFileReference; lastKnownFileType = sourcecode.swift; path = UserService.swift; sourceTree = "<group>"; };
		5B48E0CB29D9056300A29142 /* ApexTraining.app */ = {isa = PBXFileReference; explicitFileType = wrapper.application; includeInIndex = 0; path = ApexTraining.app; sourceTree = BUILT_PRODUCTS_DIR; };
		5B48E0CE29D9056300A29142 /* ApexTraining.swift */ = {isa = PBXFileReference; lastKnownFileType = sourcecode.swift; path = ApexTraining.swift; sourceTree = "<group>"; };
		5B48E0D229D9056400A29142 /* Assets.xcassets */ = {isa = PBXFileReference; lastKnownFileType = folder.assetcatalog; path = Assets.xcassets; sourceTree = "<group>"; };
		5B48E0D529D9056400A29142 /* Preview Assets.xcassets */ = {isa = PBXFileReference; lastKnownFileType = folder.assetcatalog; path = "Preview Assets.xcassets"; sourceTree = "<group>"; };
		5B9106DE29F75D2F000608A5 /* ProgramTemplate.swift */ = {isa = PBXFileReference; lastKnownFileType = sourcecode.swift; path = ProgramTemplate.swift; sourceTree = "<group>"; };
		5B9106E029F77783000608A5 /* WorkoutTemplateModel.swift */ = {isa = PBXFileReference; lastKnownFileType = sourcecode.swift; path = WorkoutTemplateModel.swift; sourceTree = "<group>"; };
		5BA0D01329D9110400B10A43 /* GoogleService-Info.plist */ = {isa = PBXFileReference; fileEncoding = 4; lastKnownFileType = text.plist.xml; path = "GoogleService-Info.plist"; sourceTree = "<group>"; };
		5BA715C72A009B48005F5306 /* ExerciseSetTemplateView.swift */ = {isa = PBXFileReference; lastKnownFileType = sourcecode.swift; path = ExerciseSetTemplateView.swift; sourceTree = "<group>"; };
		5BB7164929EF83BC00AE0C9B /* ProgramTemplateView.swift */ = {isa = PBXFileReference; lastKnownFileType = sourcecode.swift; path = ProgramTemplateView.swift; sourceTree = "<group>"; };
		5BCDEE7529F62B8D006F2343 /* WorkoutTemplate.swift */ = {isa = PBXFileReference; lastKnownFileType = sourcecode.swift; path = WorkoutTemplate.swift; sourceTree = "<group>"; };
		5BCDEE7829F62FC8006F2343 /* WorkoutTemplateView.swift */ = {isa = PBXFileReference; lastKnownFileType = sourcecode.swift; path = WorkoutTemplateView.swift; sourceTree = "<group>"; };
		5BED92B429FF510A0027FC53 /* ExerciseSetTemplate.swift */ = {isa = PBXFileReference; lastKnownFileType = sourcecode.swift; path = ExerciseSetTemplate.swift; sourceTree = "<group>"; };
		5BFDF9E02A09B9C2009B5939 /* ReadyTemplatesModel.swift */ = {isa = PBXFileReference; lastKnownFileType = sourcecode.swift; path = ReadyTemplatesModel.swift; sourceTree = "<group>"; };
		61AC5389BA8E1157FAB02AA4 /* Pods-ApexTraining.debug.xcconfig */ = {isa = PBXFileReference; includeInIndex = 1; lastKnownFileType = text.xcconfig; name = "Pods-ApexTraining.debug.xcconfig"; path = "Target Support Files/Pods-ApexTraining/Pods-ApexTraining.debug.xcconfig"; sourceTree = "<group>"; };
		A112334D3A5319216D04D368 /* Pods-ApexTraining.release.xcconfig */ = {isa = PBXFileReference; includeInIndex = 1; lastKnownFileType = text.xcconfig; name = "Pods-ApexTraining.release.xcconfig"; path = "Target Support Files/Pods-ApexTraining/Pods-ApexTraining.release.xcconfig"; sourceTree = "<group>"; };
/* End PBXFileReference section */

/* Begin PBXFrameworksBuildPhase section */
		5B48E0C829D9056300A29142 /* Frameworks */ = {
			isa = PBXFrameworksBuildPhase;
			buildActionMask = 2147483647;
			files = (
				CD3E01948632D62C4E6C0A41 /* Pods_ApexTraining.framework in Frameworks */,
			);
			runOnlyForDeploymentPostprocessing = 0;
		};
/* End PBXFrameworksBuildPhase section */

/* Begin PBXGroup section */
		24F529C265E0B1DB482CAB82 /* Frameworks */ = {
			isa = PBXGroup;
			children = (
				3799561094B3D4C7B17BE72D /* Pods_ApexTraining.framework */,
			);
			name = Frameworks;
			sourceTree = "<group>";
		};
		5B34590529ECEE1F00364936 /* Account */ = {
			isa = PBXGroup;
			children = (
				5B34590329ECEE1A00364936 /* SignInView.swift */,
			);
			path = Account;
			sourceTree = "<group>";
		};
		5B34590A29ECF51100364936 /* General */ = {
			isa = PBXGroup;
			children = (
				5B34590B29ECF53000364936 /* Constants.swift */,
				5B34590F29EE28CA00364936 /* UserService.swift */,
			);
			path = General;
			sourceTree = "<group>";
		};
		5B3A295129DBC8A6005DDD9D /* Views */ = {
			isa = PBXGroup;
			children = (
				5B34590829ECEF4900364936 /* LaunchView.swift */,
				5B3458FF29ECCC4700364936 /* HomeView.swift */,
				5B34590129ECCC6000364936 /* HistoryView.swift */,
				5BB7164829EF839100AE0C9B /* Program Templates */,
				5BCDEE7729F62FAE006F2343 /* Workout Templates */,
				5BA715C62A009B03005F5306 /* Exercise Set Template */,
				5B34590529ECEE1F00364936 /* Account */,
			);
			path = Views;
			sourceTree = "<group>";
		};
		5B3A295229DBC8B9005DDD9D /* Models */ = {
			isa = PBXGroup;
			children = (
				5B34590D29EE27FF00364936 /* User.swift */,
				5BCDEE7529F62B8D006F2343 /* WorkoutTemplate.swift */,
				5B9106DE29F75D2F000608A5 /* ProgramTemplate.swift */,
				5BED92B429FF510A0027FC53 /* ExerciseSetTemplate.swift */,
			);
			path = Models;
			sourceTree = "<group>";
		};
		5B3A295329DBC8C2005DDD9D /* ViewModels */ = {
			isa = PBXGroup;
			children = (
				5B34590629ECEEE900364936 /* ApexTrainingModel.swift */,
				5B9106E229F77794000608A5 /* Program Template */,
				5B9106E329F777A9000608A5 /* Workout Template */,
			);
			path = ViewModels;
			sourceTree = "<group>";
		};
		5B48E0C229D9056300A29142 = {
			isa = PBXGroup;
			children = (
				5B48E0CD29D9056300A29142 /* ApexTraining */,
				5B48E0CC29D9056300A29142 /* Products */,
				6D5C3CA828874F94066C7A9B /* Pods */,
				24F529C265E0B1DB482CAB82 /* Frameworks */,
			);
			sourceTree = "<group>";
		};
		5B48E0CC29D9056300A29142 /* Products */ = {
			isa = PBXGroup;
			children = (
				5B48E0CB29D9056300A29142 /* ApexTraining.app */,
			);
			name = Products;
			sourceTree = "<group>";
		};
		5B48E0CD29D9056300A29142 /* ApexTraining */ = {
			isa = PBXGroup;
			children = (
				5B48E0CE29D9056300A29142 /* ApexTraining.swift */,
				5B3A295129DBC8A6005DDD9D /* Views */,
				5B3A295329DBC8C2005DDD9D /* ViewModels */,
				5B3A295229DBC8B9005DDD9D /* Models */,
				5B34590A29ECF51100364936 /* General */,
				5BA0D01329D9110400B10A43 /* GoogleService-Info.plist */,
				5B48E0D229D9056400A29142 /* Assets.xcassets */,
				5B48E0D429D9056400A29142 /* Preview Content */,
			);
			path = ApexTraining;
			sourceTree = "<group>";
		};
		5B48E0D429D9056400A29142 /* Preview Content */ = {
			isa = PBXGroup;
			children = (
				5B48E0D529D9056400A29142 /* Preview Assets.xcassets */,
			);
			path = "Preview Content";
			sourceTree = "<group>";
		};
		5B9106E229F77794000608A5 /* Program Template */ = {
			isa = PBXGroup;
			children = (
				5B2AB9F729FF2FE400C9B9E2 /* ProgramTemplateModel.swift */,
				5B1B953429F613A000EA3C40 /* StartedTemplatesModel.swift */,
				5BFDF9E02A09B9C2009B5939 /* ReadyTemplatesModel.swift */,
			);
			path = "Program Template";
			sourceTree = "<group>";
		};
		5B9106E329F777A9000608A5 /* Workout Template */ = {
			isa = PBXGroup;
			children = (
				5B9106E029F77783000608A5 /* WorkoutTemplateModel.swift */,
			);
			path = "Workout Template";
			sourceTree = "<group>";
		};
		5BA715C62A009B03005F5306 /* Exercise Set Template */ = {
			isa = PBXGroup;
			children = (
				5BA715C72A009B48005F5306 /* ExerciseSetTemplateView.swift */,
			);
			path = "Exercise Set Template";
			sourceTree = "<group>";
		};
		5BB7164829EF839100AE0C9B /* Program Templates */ = {
			isa = PBXGroup;
			children = (
				5BB7164929EF83BC00AE0C9B /* ProgramTemplateView.swift */,
			);
			path = "Program Templates";
			sourceTree = "<group>";
		};
		5BCDEE7729F62FAE006F2343 /* Workout Templates */ = {
			isa = PBXGroup;
			children = (
				5BCDEE7829F62FC8006F2343 /* WorkoutTemplateView.swift */,
			);
			path = "Workout Templates";
			sourceTree = "<group>";
		};
		6D5C3CA828874F94066C7A9B /* Pods */ = {
			isa = PBXGroup;
			children = (
				61AC5389BA8E1157FAB02AA4 /* Pods-ApexTraining.debug.xcconfig */,
				A112334D3A5319216D04D368 /* Pods-ApexTraining.release.xcconfig */,
			);
			path = Pods;
			sourceTree = "<group>";
		};
/* End PBXGroup section */

/* Begin PBXNativeTarget section */
		5B48E0CA29D9056300A29142 /* ApexTraining */ = {
			isa = PBXNativeTarget;
			buildConfigurationList = 5B48E0D929D9056400A29142 /* Build configuration list for PBXNativeTarget "ApexTraining" */;
			buildPhases = (
				6B54D0FCDBE280E0EB744658 /* [CP] Check Pods Manifest.lock */,
				5B48E0C729D9056300A29142 /* Sources */,
				5B48E0C829D9056300A29142 /* Frameworks */,
				5B48E0C929D9056300A29142 /* Resources */,
				8613CA974EF513EB26A82E6E /* [CP] Embed Pods Frameworks */,
			);
			buildRules = (
			);
			dependencies = (
			);
			name = ApexTraining;
			productName = ApexTraining;
			productReference = 5B48E0CB29D9056300A29142 /* ApexTraining.app */;
			productType = "com.apple.product-type.application";
		};
/* End PBXNativeTarget section */

/* Begin PBXProject section */
		5B48E0C329D9056300A29142 /* Project object */ = {
			isa = PBXProject;
			attributes = {
				BuildIndependentTargetsInParallel = 1;
				LastSwiftUpdateCheck = 1340;
				LastUpgradeCheck = 1340;
				TargetAttributes = {
					5B48E0CA29D9056300A29142 = {
						CreatedOnToolsVersion = 13.4.1;
					};
				};
			};
			buildConfigurationList = 5B48E0C629D9056300A29142 /* Build configuration list for PBXProject "ApexTraining" */;
			compatibilityVersion = "Xcode 13.0";
			developmentRegion = en;
			hasScannedForEncodings = 0;
			knownRegions = (
				en,
				Base,
			);
			mainGroup = 5B48E0C229D9056300A29142;
			productRefGroup = 5B48E0CC29D9056300A29142 /* Products */;
			projectDirPath = "";
			projectRoot = "";
			targets = (
				5B48E0CA29D9056300A29142 /* ApexTraining */,
			);
		};
/* End PBXProject section */

/* Begin PBXResourcesBuildPhase section */
		5B48E0C929D9056300A29142 /* Resources */ = {
			isa = PBXResourcesBuildPhase;
			buildActionMask = 2147483647;
			files = (
				5B48E0D629D9056400A29142 /* Preview Assets.xcassets in Resources */,
				5B48E0D329D9056400A29142 /* Assets.xcassets in Resources */,
				5BA0D01429D9110400B10A43 /* GoogleService-Info.plist in Resources */,
			);
			runOnlyForDeploymentPostprocessing = 0;
		};
/* End PBXResourcesBuildPhase section */

/* Begin PBXShellScriptBuildPhase section */
		6B54D0FCDBE280E0EB744658 /* [CP] Check Pods Manifest.lock */ = {
			isa = PBXShellScriptBuildPhase;
			buildActionMask = 2147483647;
			files = (
			);
			inputFileListPaths = (
			);
			inputPaths = (
				"${PODS_PODFILE_DIR_PATH}/Podfile.lock",
				"${PODS_ROOT}/Manifest.lock",
			);
			name = "[CP] Check Pods Manifest.lock";
			outputFileListPaths = (
			);
			outputPaths = (
				"$(DERIVED_FILE_DIR)/Pods-ApexTraining-checkManifestLockResult.txt",
			);
			runOnlyForDeploymentPostprocessing = 0;
			shellPath = /bin/sh;
			shellScript = "diff \"${PODS_PODFILE_DIR_PATH}/Podfile.lock\" \"${PODS_ROOT}/Manifest.lock\" > /dev/null\nif [ $? != 0 ] ; then\n    # print error to STDERR\n    echo \"error: The sandbox is not in sync with the Podfile.lock. Run 'pod install' or update your CocoaPods installation.\" >&2\n    exit 1\nfi\n# This output is used by Xcode 'outputs' to avoid re-running this script phase.\necho \"SUCCESS\" > \"${SCRIPT_OUTPUT_FILE_0}\"\n";
			showEnvVarsInLog = 0;
		};
		8613CA974EF513EB26A82E6E /* [CP] Embed Pods Frameworks */ = {
			isa = PBXShellScriptBuildPhase;
			buildActionMask = 2147483647;
			files = (
			);
			inputFileListPaths = (
				"${PODS_ROOT}/Target Support Files/Pods-ApexTraining/Pods-ApexTraining-frameworks-${CONFIGURATION}-input-files.xcfilelist",
			);
			name = "[CP] Embed Pods Frameworks";
			outputFileListPaths = (
				"${PODS_ROOT}/Target Support Files/Pods-ApexTraining/Pods-ApexTraining-frameworks-${CONFIGURATION}-output-files.xcfilelist",
			);
			runOnlyForDeploymentPostprocessing = 0;
			shellPath = /bin/sh;
			shellScript = "\"${PODS_ROOT}/Target Support Files/Pods-ApexTraining/Pods-ApexTraining-frameworks.sh\"\n";
			showEnvVarsInLog = 0;
		};
/* End PBXShellScriptBuildPhase section */

/* Begin PBXSourcesBuildPhase section */
		5B48E0C729D9056300A29142 /* Sources */ = {
			isa = PBXSourcesBuildPhase;
			buildActionMask = 2147483647;
			files = (
				5B48E0CF29D9056300A29142 /* ApexTraining.swift in Sources */,
				5B9106DF29F75D2F000608A5 /* ProgramTemplate.swift in Sources */,
				5BFDF9E12A09B9C2009B5939 /* ReadyTemplatesModel.swift in Sources */,
				5B2AB9F829FF2FE400C9B9E2 /* ProgramTemplateModel.swift in Sources */,
				5B1B953529F613A000EA3C40 /* StartedTemplatesModel.swift in Sources */,
				5BB7164A29EF83BC00AE0C9B /* ProgramTemplateView.swift in Sources */,
				5BCDEE7629F62B8D006F2343 /* WorkoutTemplate.swift in Sources */,
				5BED92B529FF510A0027FC53 /* ExerciseSetTemplate.swift in Sources */,
				5B34590929ECEF4900364936 /* LaunchView.swift in Sources */,
				5B34591029EE28CA00364936 /* UserService.swift in Sources */,
				5B34590229ECCC6000364936 /* HistoryView.swift in Sources */,
				5B34590729ECEEE900364936 /* ApexTrainingModel.swift in Sources */,
				5BCDEE7929F62FC8006F2343 /* WorkoutTemplateView.swift in Sources */,
				5B34590E29EE27FF00364936 /* User.swift in Sources */,
				5B34590C29ECF53000364936 /* Constants.swift in Sources */,
				5B9106E129F77783000608A5 /* WorkoutTemplateModel.swift in Sources */,
				5B34590429ECEE1A00364936 /* SignInView.swift in Sources */,
				5B34590029ECCC4700364936 /* HomeView.swift in Sources */,
				5BA715C82A009B48005F5306 /* ExerciseSetTemplateView.swift in Sources */,
			);
			runOnlyForDeploymentPostprocessing = 0;
		};
/* End PBXSourcesBuildPhase section */

/* Begin XCBuildConfiguration section */
		5B48E0D729D9056400A29142 /* Debug */ = {
			isa = XCBuildConfiguration;
			buildSettings = {
				ALWAYS_SEARCH_USER_PATHS = NO;
				CLANG_ANALYZER_NONNULL = YES;
				CLANG_ANALYZER_NUMBER_OBJECT_CONVERSION = YES_AGGRESSIVE;
				CLANG_CXX_LANGUAGE_STANDARD = "gnu++17";
				CLANG_ENABLE_MODULES = YES;
				CLANG_ENABLE_OBJC_ARC = YES;
				CLANG_ENABLE_OBJC_WEAK = YES;
				CLANG_WARN_BLOCK_CAPTURE_AUTORELEASING = YES;
				CLANG_WARN_BOOL_CONVERSION = YES;
				CLANG_WARN_COMMA = YES;
				CLANG_WARN_CONSTANT_CONVERSION = YES;
				CLANG_WARN_DEPRECATED_OBJC_IMPLEMENTATIONS = YES;
				CLANG_WARN_DIRECT_OBJC_ISA_USAGE = YES_ERROR;
				CLANG_WARN_DOCUMENTATION_COMMENTS = YES;
				CLANG_WARN_EMPTY_BODY = YES;
				CLANG_WARN_ENUM_CONVERSION = YES;
				CLANG_WARN_INFINITE_RECURSION = YES;
				CLANG_WARN_INT_CONVERSION = YES;
				CLANG_WARN_NON_LITERAL_NULL_CONVERSION = YES;
				CLANG_WARN_OBJC_IMPLICIT_RETAIN_SELF = YES;
				CLANG_WARN_OBJC_LITERAL_CONVERSION = YES;
				CLANG_WARN_OBJC_ROOT_CLASS = YES_ERROR;
				CLANG_WARN_QUOTED_INCLUDE_IN_FRAMEWORK_HEADER = YES;
				CLANG_WARN_RANGE_LOOP_ANALYSIS = YES;
				CLANG_WARN_STRICT_PROTOTYPES = YES;
				CLANG_WARN_SUSPICIOUS_MOVE = YES;
				CLANG_WARN_UNGUARDED_AVAILABILITY = YES_AGGRESSIVE;
				CLANG_WARN_UNREACHABLE_CODE = YES;
				CLANG_WARN__DUPLICATE_METHOD_MATCH = YES;
				COPY_PHASE_STRIP = NO;
				DEBUG_INFORMATION_FORMAT = dwarf;
				ENABLE_STRICT_OBJC_MSGSEND = YES;
				ENABLE_TESTABILITY = YES;
				GCC_C_LANGUAGE_STANDARD = gnu11;
				GCC_DYNAMIC_NO_PIC = NO;
				GCC_NO_COMMON_BLOCKS = YES;
				GCC_OPTIMIZATION_LEVEL = 0;
				GCC_PREPROCESSOR_DEFINITIONS = (
					"DEBUG=1",
					"$(inherited)",
				);
				GCC_WARN_64_TO_32_BIT_CONVERSION = YES;
				GCC_WARN_ABOUT_RETURN_TYPE = YES_ERROR;
				GCC_WARN_UNDECLARED_SELECTOR = YES;
				GCC_WARN_UNINITIALIZED_AUTOS = YES_AGGRESSIVE;
				GCC_WARN_UNUSED_FUNCTION = YES;
				GCC_WARN_UNUSED_VARIABLE = YES;
				IPHONEOS_DEPLOYMENT_TARGET = 15.5;
				MTL_ENABLE_DEBUG_INFO = INCLUDE_SOURCE;
				MTL_FAST_MATH = YES;
				ONLY_ACTIVE_ARCH = YES;
				SDKROOT = iphoneos;
				SWIFT_ACTIVE_COMPILATION_CONDITIONS = DEBUG;
				SWIFT_OPTIMIZATION_LEVEL = "-Onone";
			};
			name = Debug;
		};
		5B48E0D829D9056400A29142 /* Release */ = {
			isa = XCBuildConfiguration;
			buildSettings = {
				ALWAYS_SEARCH_USER_PATHS = NO;
				CLANG_ANALYZER_NONNULL = YES;
				CLANG_ANALYZER_NUMBER_OBJECT_CONVERSION = YES_AGGRESSIVE;
				CLANG_CXX_LANGUAGE_STANDARD = "gnu++17";
				CLANG_ENABLE_MODULES = YES;
				CLANG_ENABLE_OBJC_ARC = YES;
				CLANG_ENABLE_OBJC_WEAK = YES;
				CLANG_WARN_BLOCK_CAPTURE_AUTORELEASING = YES;
				CLANG_WARN_BOOL_CONVERSION = YES;
				CLANG_WARN_COMMA = YES;
				CLANG_WARN_CONSTANT_CONVERSION = YES;
				CLANG_WARN_DEPRECATED_OBJC_IMPLEMENTATIONS = YES;
				CLANG_WARN_DIRECT_OBJC_ISA_USAGE = YES_ERROR;
				CLANG_WARN_DOCUMENTATION_COMMENTS = YES;
				CLANG_WARN_EMPTY_BODY = YES;
				CLANG_WARN_ENUM_CONVERSION = YES;
				CLANG_WARN_INFINITE_RECURSION = YES;
				CLANG_WARN_INT_CONVERSION = YES;
				CLANG_WARN_NON_LITERAL_NULL_CONVERSION = YES;
				CLANG_WARN_OBJC_IMPLICIT_RETAIN_SELF = YES;
				CLANG_WARN_OBJC_LITERAL_CONVERSION = YES;
				CLANG_WARN_OBJC_ROOT_CLASS = YES_ERROR;
				CLANG_WARN_QUOTED_INCLUDE_IN_FRAMEWORK_HEADER = YES;
				CLANG_WARN_RANGE_LOOP_ANALYSIS = YES;
				CLANG_WARN_STRICT_PROTOTYPES = YES;
				CLANG_WARN_SUSPICIOUS_MOVE = YES;
				CLANG_WARN_UNGUARDED_AVAILABILITY = YES_AGGRESSIVE;
				CLANG_WARN_UNREACHABLE_CODE = YES;
				CLANG_WARN__DUPLICATE_METHOD_MATCH = YES;
				COPY_PHASE_STRIP = NO;
				DEBUG_INFORMATION_FORMAT = "dwarf-with-dsym";
				ENABLE_NS_ASSERTIONS = NO;
				ENABLE_STRICT_OBJC_MSGSEND = YES;
				GCC_C_LANGUAGE_STANDARD = gnu11;
				GCC_NO_COMMON_BLOCKS = YES;
				GCC_WARN_64_TO_32_BIT_CONVERSION = YES;
				GCC_WARN_ABOUT_RETURN_TYPE = YES_ERROR;
				GCC_WARN_UNDECLARED_SELECTOR = YES;
				GCC_WARN_UNINITIALIZED_AUTOS = YES_AGGRESSIVE;
				GCC_WARN_UNUSED_FUNCTION = YES;
				GCC_WARN_UNUSED_VARIABLE = YES;
				IPHONEOS_DEPLOYMENT_TARGET = 15.5;
				MTL_ENABLE_DEBUG_INFO = NO;
				MTL_FAST_MATH = YES;
				SDKROOT = iphoneos;
				SWIFT_COMPILATION_MODE = wholemodule;
				SWIFT_OPTIMIZATION_LEVEL = "-O";
				VALIDATE_PRODUCT = YES;
			};
			name = Release;
		};
		5B48E0DA29D9056400A29142 /* Debug */ = {
			isa = XCBuildConfiguration;
			baseConfigurationReference = 61AC5389BA8E1157FAB02AA4 /* Pods-ApexTraining.debug.xcconfig */;
			buildSettings = {
				ASSETCATALOG_COMPILER_APPICON_NAME = AppIcon;
				ASSETCATALOG_COMPILER_GLOBAL_ACCENT_COLOR_NAME = AccentColor;
				CODE_SIGN_STYLE = Automatic;
				CURRENT_PROJECT_VERSION = 1;
				DEVELOPMENT_ASSET_PATHS = "\"ApexTraining/Preview Content\"";
				DEVELOPMENT_TEAM = W62ZSTD7G2;
				ENABLE_PREVIEWS = YES;
				GENERATE_INFOPLIST_FILE = YES;
				INFOPLIST_KEY_UIApplicationSceneManifest_Generation = YES;
				INFOPLIST_KEY_UIApplicationSupportsIndirectInputEvents = YES;
				INFOPLIST_KEY_UILaunchScreen_Generation = YES;
				INFOPLIST_KEY_UISupportedInterfaceOrientations_iPad = "UIInterfaceOrientationPortrait UIInterfaceOrientationPortraitUpsideDown UIInterfaceOrientationLandscapeLeft UIInterfaceOrientationLandscapeRight";
				INFOPLIST_KEY_UISupportedInterfaceOrientations_iPhone = "UIInterfaceOrientationPortrait UIInterfaceOrientationLandscapeLeft UIInterfaceOrientationLandscapeRight";
				LD_RUNPATH_SEARCH_PATHS = (
					"$(inherited)",
					"@executable_path/Frameworks",
				);
				MARKETING_VERSION = 1.0;
				PRODUCT_BUNDLE_IDENTIFIER = com.apextraining.ApexTraining;
				PRODUCT_NAME = "$(TARGET_NAME)";
				SWIFT_EMIT_LOC_STRINGS = YES;
				SWIFT_VERSION = 5.0;
				TARGETED_DEVICE_FAMILY = "1,2";
			};
			name = Debug;
		};
		5B48E0DB29D9056400A29142 /* Release */ = {
			isa = XCBuildConfiguration;
			baseConfigurationReference = A112334D3A5319216D04D368 /* Pods-ApexTraining.release.xcconfig */;
			buildSettings = {
				ASSETCATALOG_COMPILER_APPICON_NAME = AppIcon;
				ASSETCATALOG_COMPILER_GLOBAL_ACCENT_COLOR_NAME = AccentColor;
				CODE_SIGN_STYLE = Automatic;
				CURRENT_PROJECT_VERSION = 1;
				DEVELOPMENT_ASSET_PATHS = "\"ApexTraining/Preview Content\"";
				DEVELOPMENT_TEAM = W62ZSTD7G2;
				ENABLE_PREVIEWS = YES;
				GENERATE_INFOPLIST_FILE = YES;
				INFOPLIST_KEY_UIApplicationSceneManifest_Generation = YES;
				INFOPLIST_KEY_UIApplicationSupportsIndirectInputEvents = YES;
				INFOPLIST_KEY_UILaunchScreen_Generation = YES;
				INFOPLIST_KEY_UISupportedInterfaceOrientations_iPad = "UIInterfaceOrientationPortrait UIInterfaceOrientationPortraitUpsideDown UIInterfaceOrientationLandscapeLeft UIInterfaceOrientationLandscapeRight";
				INFOPLIST_KEY_UISupportedInterfaceOrientations_iPhone = "UIInterfaceOrientationPortrait UIInterfaceOrientationLandscapeLeft UIInterfaceOrientationLandscapeRight";
				LD_RUNPATH_SEARCH_PATHS = (
					"$(inherited)",
					"@executable_path/Frameworks",
				);
				MARKETING_VERSION = 1.0;
				PRODUCT_BUNDLE_IDENTIFIER = com.apextraining.ApexTraining;
				PRODUCT_NAME = "$(TARGET_NAME)";
				SWIFT_EMIT_LOC_STRINGS = YES;
				SWIFT_VERSION = 5.0;
				TARGETED_DEVICE_FAMILY = "1,2";
			};
			name = Release;
		};
/* End XCBuildConfiguration section */

/* Begin XCConfigurationList section */
		5B48E0C629D9056300A29142 /* Build configuration list for PBXProject "ApexTraining" */ = {
			isa = XCConfigurationList;
			buildConfigurations = (
				5B48E0D729D9056400A29142 /* Debug */,
				5B48E0D829D9056400A29142 /* Release */,
			);
			defaultConfigurationIsVisible = 0;
			defaultConfigurationName = Release;
		};
		5B48E0D929D9056400A29142 /* Build configuration list for PBXNativeTarget "ApexTraining" */ = {
			isa = XCConfigurationList;
			buildConfigurations = (
				5B48E0DA29D9056400A29142 /* Debug */,
				5B48E0DB29D9056400A29142 /* Release */,
			);
			defaultConfigurationIsVisible = 0;
			defaultConfigurationName = Release;
		};
/* End XCConfigurationList section */
	};
	rootObject = 5B48E0C329D9056300A29142 /* Project object */;
}
